// !$*UTF8*$!
{
	archiveVersion = 1;
	classes = {
	};
	objectVersion = 46;
	objects = {

/* Begin PBXBuildFile section */
		0D8667681BA5690D00C2C13A /* ValueStore.swift in Sources */ = {isa = PBXBuildFile; fileRef = 0D8667671BA5690D00C2C13A /* ValueStore.swift */; };
		0D86676B1BA57AA200C2C13A /* StopWatch.swift in Sources */ = {isa = PBXBuildFile; fileRef = 0D86676A1BA57AA200C2C13A /* StopWatch.swift */; };
		0D86676E1BA5A9F900C2C13A /* .gitignore in Resources */ = {isa = PBXBuildFile; fileRef = 0D86676D1BA5A9F900C2C13A /* .gitignore */; };
		0D86676F1BA5A9F900C2C13A /* .gitignore in Resources */ = {isa = PBXBuildFile; fileRef = 0D86676D1BA5A9F900C2C13A /* .gitignore */; };
		0D8667711BA5AEC700C2C13A /* README.md in Sources */ = {isa = PBXBuildFile; fileRef = 0D8667701BA5AEC700C2C13A /* README.md */; };
		0D9E32911BA6F372006A432D /* Timer.swift in Sources */ = {isa = PBXBuildFile; fileRef = 0D9E32901BA6F372006A432D /* Timer.swift */; };
		0DA4DCA71BA458B4009F2118 /* AppDelegate.swift in Sources */ = {isa = PBXBuildFile; fileRef = 0DA4DCA61BA458B4009F2118 /* AppDelegate.swift */; };
		0DA4DCA91BA458B4009F2118 /* ViewController.swift in Sources */ = {isa = PBXBuildFile; fileRef = 0DA4DCA81BA458B4009F2118 /* ViewController.swift */; };
		0DA4DCAC1BA458B4009F2118 /* Main.storyboard in Resources */ = {isa = PBXBuildFile; fileRef = 0DA4DCAA1BA458B4009F2118 /* Main.storyboard */; };
		0DA4DCAE1BA458B4009F2118 /* Images.xcassets in Resources */ = {isa = PBXBuildFile; fileRef = 0DA4DCAD1BA458B4009F2118 /* Images.xcassets */; };
		0DA4DCB11BA458B4009F2118 /* LaunchScreen.xib in Resources */ = {isa = PBXBuildFile; fileRef = 0DA4DCAF1BA458B4009F2118 /* LaunchScreen.xib */; };
		0DA4DCBD1BA458B4009F2118 /* StopWatchTests.swift in Sources */ = {isa = PBXBuildFile; fileRef = 0DA4DCBC1BA458B4009F2118 /* StopWatchTests.swift */; };
		0DAD082E1BA9A2F800847156 /* SubViewController.swift in Sources */ = {isa = PBXBuildFile; fileRef = 0DAD082D1BA9A2F800847156 /* SubViewController.swift */; };
/* End PBXBuildFile section */

/* Begin PBXContainerItemProxy section */
		0DA4DCB71BA458B4009F2118 /* PBXContainerItemProxy */ = {
			isa = PBXContainerItemProxy;
			containerPortal = 0DA4DC991BA458B4009F2118 /* Project object */;
			proxyType = 1;
			remoteGlobalIDString = 0DA4DCA01BA458B4009F2118;
			remoteInfo = StopWatch;
		};
/* End PBXContainerItemProxy section */

/* Begin PBXFileReference section */
		0D8667671BA5690D00C2C13A /* ValueStore.swift */ = {isa = PBXFileReference; fileEncoding = 4; lastKnownFileType = sourcecode.swift; path = ValueStore.swift; sourceTree = "<group>"; };
		0D86676A1BA57AA200C2C13A /* StopWatch.swift */ = {isa = PBXFileReference; fileEncoding = 4; lastKnownFileType = sourcecode.swift; path = StopWatch.swift; sourceTree = "<group>"; };
		0D86676D1BA5A9F900C2C13A /* .gitignore */ = {isa = PBXFileReference; fileEncoding = 4; lastKnownFileType = text; path = .gitignore; sourceTree = "<group>"; };
		0D8667701BA5AEC700C2C13A /* README.md */ = {isa = PBXFileReference; fileEncoding = 4; lastKnownFileType = net.daringfireball.markdown; path = README.md; sourceTree = "<group>"; };
		0D9E32901BA6F372006A432D /* Timer.swift */ = {isa = PBXFileReference; fileEncoding = 4; lastKnownFileType = sourcecode.swift; path = Timer.swift; sourceTree = "<group>"; };
		0DA4DCA11BA458B4009F2118 /* StopWatch.app */ = {isa = PBXFileReference; explicitFileType = wrapper.application; includeInIndex = 0; path = StopWatch.app; sourceTree = BUILT_PRODUCTS_DIR; };
		0DA4DCA51BA458B4009F2118 /* Info.plist */ = {isa = PBXFileReference; lastKnownFileType = text.plist.xml; path = Info.plist; sourceTree = "<group>"; };
		0DA4DCA61BA458B4009F2118 /* AppDelegate.swift */ = {isa = PBXFileReference; lastKnownFileType = sourcecode.swift; path = AppDelegate.swift; sourceTree = "<group>"; };
		0DA4DCA81BA458B4009F2118 /* ViewController.swift */ = {isa = PBXFileReference; lastKnownFileType = sourcecode.swift; path = ViewController.swift; sourceTree = "<group>"; };
		0DA4DCAB1BA458B4009F2118 /* Base */ = {isa = PBXFileReference; lastKnownFileType = file.storyboard; name = Base; path = Base.lproj/Main.storyboard; sourceTree = "<group>"; };
		0DA4DCAD1BA458B4009F2118 /* Images.xcassets */ = {isa = PBXFileReference; lastKnownFileType = folder.assetcatalog; path = Images.xcassets; sourceTree = "<group>"; };
		0DA4DCB01BA458B4009F2118 /* Base */ = {isa = PBXFileReference; lastKnownFileType = file.xib; name = Base; path = Base.lproj/LaunchScreen.xib; sourceTree = "<group>"; };
		0DA4DCB61BA458B4009F2118 /* StopWatchTests.xctest */ = {isa = PBXFileReference; explicitFileType = wrapper.cfbundle; includeInIndex = 0; path = StopWatchTests.xctest; sourceTree = BUILT_PRODUCTS_DIR; };
		0DA4DCBB1BA458B4009F2118 /* Info.plist */ = {isa = PBXFileReference; lastKnownFileType = text.plist.xml; path = Info.plist; sourceTree = "<group>"; };
		0DA4DCBC1BA458B4009F2118 /* StopWatchTests.swift */ = {isa = PBXFileReference; lastKnownFileType = sourcecode.swift; path = StopWatchTests.swift; sourceTree = "<group>"; };
		0DAD082D1BA9A2F800847156 /* SubViewController.swift */ = {isa = PBXFileReference; fileEncoding = 4; lastKnownFileType = sourcecode.swift; path = SubViewController.swift; sourceTree = "<group>"; };
/* End PBXFileReference section */

/* Begin PBXFrameworksBuildPhase section */
		0DA4DC9E1BA458B4009F2118 /* Frameworks */ = {
			isa = PBXFrameworksBuildPhase;
			buildActionMask = 2147483647;
			files = (
			);
			runOnlyForDeploymentPostprocessing = 0;
		};
		0DA4DCB31BA458B4009F2118 /* Frameworks */ = {
			isa = PBXFrameworksBuildPhase;
			buildActionMask = 2147483647;
			files = (
			);
			runOnlyForDeploymentPostprocessing = 0;
		};
/* End PBXFrameworksBuildPhase section */

/* Begin PBXGroup section */
		0D8667691BA57A2300C2C13A /* Service */ = {
			isa = PBXGroup;
			children = (
				0D8667671BA5690D00C2C13A /* ValueStore.swift */,
				0D86676A1BA57AA200C2C13A /* StopWatch.swift */,
			);
			name = Service;
			sourceTree = "<group>";
		};
		0DA4DC981BA458B4009F2118 = {
			isa = PBXGroup;
			children = (
				0D8667701BA5AEC700C2C13A /* README.md */,
				0D86676D1BA5A9F900C2C13A /* .gitignore */,
				0DA4DCA31BA458B4009F2118 /* StopWatch */,
				0DA4DCB91BA458B4009F2118 /* StopWatchTests */,
				0DA4DCA21BA458B4009F2118 /* Products */,
			);
			sourceTree = "<group>";
		};
		0DA4DCA21BA458B4009F2118 /* Products */ = {
			isa = PBXGroup;
			children = (
				0DA4DCA11BA458B4009F2118 /* StopWatch.app */,
				0DA4DCB61BA458B4009F2118 /* StopWatchTests.xctest */,
			);
			name = Products;
			sourceTree = "<group>";
		};
		0DA4DCA31BA458B4009F2118 /* StopWatch */ = {
			isa = PBXGroup;
			children = (
				0D9E32901BA6F372006A432D /* Timer.swift */,
				0D8667691BA57A2300C2C13A /* Service */,
				0DA4DCA61BA458B4009F2118 /* AppDelegate.swift */,
				0DA4DCA81BA458B4009F2118 /* ViewController.swift */,
				0DA4DCAA1BA458B4009F2118 /* Main.storyboard */,
				0DAD082D1BA9A2F800847156 /* SubViewController.swift */,
				0DA4DCAD1BA458B4009F2118 /* Images.xcassets */,
				0DA4DCAF1BA458B4009F2118 /* LaunchScreen.xib */,
				0DA4DCA41BA458B4009F2118 /* Supporting Files */,
			);
			path = StopWatch;
			sourceTree = "<group>";
		};
		0DA4DCA41BA458B4009F2118 /* Supporting Files */ = {
			isa = PBXGroup;
			children = (
				0DA4DCA51BA458B4009F2118 /* Info.plist */,
			);
			name = "Supporting Files";
			sourceTree = "<group>";
		};
		0DA4DCB91BA458B4009F2118 /* StopWatchTests */ = {
			isa = PBXGroup;
			children = (
				0DA4DCBC1BA458B4009F2118 /* StopWatchTests.swift */,
				0DA4DCBA1BA458B4009F2118 /* Supporting Files */,
			);
			path = StopWatchTests;
			sourceTree = "<group>";
		};
		0DA4DCBA1BA458B4009F2118 /* Supporting Files */ = {
			isa = PBXGroup;
			children = (
				0DA4DCBB1BA458B4009F2118 /* Info.plist */,
			);
			name = "Supporting Files";
			sourceTree = "<group>";
		};
/* End PBXGroup section */

/* Begin PBXNativeTarget section */
		0DA4DCA01BA458B4009F2118 /* StopWatch */ = {
			isa = PBXNativeTarget;
			buildConfigurationList = 0DA4DCC01BA458B4009F2118 /* Build configuration list for PBXNativeTarget "StopWatch" */;
			buildPhases = (
				0DA4DC9D1BA458B4009F2118 /* Sources */,
				0DA4DC9E1BA458B4009F2118 /* Frameworks */,
				0DA4DC9F1BA458B4009F2118 /* Resources */,
			);
			buildRules = (
			);
			dependencies = (
			);
			name = StopWatch;
			productName = StopWatch;
			productReference = 0DA4DCA11BA458B4009F2118 /* StopWatch.app */;
			productType = "com.apple.product-type.application";
		};
		0DA4DCB51BA458B4009F2118 /* StopWatchTests */ = {
			isa = PBXNativeTarget;
			buildConfigurationList = 0DA4DCC31BA458B4009F2118 /* Build configuration list for PBXNativeTarget "StopWatchTests" */;
			buildPhases = (
				0DA4DCB21BA458B4009F2118 /* Sources */,
				0DA4DCB31BA458B4009F2118 /* Frameworks */,
				0DA4DCB41BA458B4009F2118 /* Resources */,
			);
			buildRules = (
			);
			dependencies = (
				0DA4DCB81BA458B4009F2118 /* PBXTargetDependency */,
			);
			name = StopWatchTests;
			productName = StopWatchTests;
			productReference = 0DA4DCB61BA458B4009F2118 /* StopWatchTests.xctest */;
			productType = "com.apple.product-type.bundle.unit-test";
		};
/* End PBXNativeTarget section */

/* Begin PBXProject section */
		0DA4DC991BA458B4009F2118 /* Project object */ = {
			isa = PBXProject;
			attributes = {
				LastUpgradeCheck = 0640;
				ORGANIZATIONNAME = ffff5912;
				TargetAttributes = {
					0DA4DCA01BA458B4009F2118 = {
						CreatedOnToolsVersion = 6.4;
					};
					0DA4DCB51BA458B4009F2118 = {
						CreatedOnToolsVersion = 6.4;
						TestTargetID = 0DA4DCA01BA458B4009F2118;
					};
				};
			};
			buildConfigurationList = 0DA4DC9C1BA458B4009F2118 /* Build configuration list for PBXProject "StopWatch" */;
			compatibilityVersion = "Xcode 3.2";
			developmentRegion = English;
			hasScannedForEncodings = 0;
			knownRegions = (
				en,
				Base,
			);
			mainGroup = 0DA4DC981BA458B4009F2118;
			productRefGroup = 0DA4DCA21BA458B4009F2118 /* Products */;
			projectDirPath = "";
			projectRoot = "";
			targets = (
				0DA4DCA01BA458B4009F2118 /* StopWatch */,
				0DA4DCB51BA458B4009F2118 /* StopWatchTests */,
			);
		};
/* End PBXProject section */

/* Begin PBXResourcesBuildPhase section */
		0DA4DC9F1BA458B4009F2118 /* Resources */ = {
			isa = PBXResourcesBuildPhase;
			buildActionMask = 2147483647;
			files = (
				0D86676E1BA5A9F900C2C13A /* .gitignore in Resources */,
				0DA4DCAC1BA458B4009F2118 /* Main.storyboard in Resources */,
				0DA4DCB11BA458B4009F2118 /* LaunchScreen.xib in Resources */,
				0DA4DCAE1BA458B4009F2118 /* Images.xcassets in Resources */,
			);
			runOnlyForDeploymentPostprocessing = 0;
		};
		0DA4DCB41BA458B4009F2118 /* Resources */ = {
			isa = PBXResourcesBuildPhase;
			buildActionMask = 2147483647;
			files = (
				0D86676F1BA5A9F900C2C13A /* .gitignore in Resources */,
			);
			runOnlyForDeploymentPostprocessing = 0;
		};
/* End PBXResourcesBuildPhase section */

/* Begin PBXSourcesBuildPhase section */
		0DA4DC9D1BA458B4009F2118 /* Sources */ = {
			isa = PBXSourcesBuildPhase;
			buildActionMask = 2147483647;
			files = (
				0DA4DCA91BA458B4009F2118 /* ViewController.swift in Sources */,
				0D8667681BA5690D00C2C13A /* ValueStore.swift in Sources */,
				0DAD082E1BA9A2F800847156 /* SubViewController.swift in Sources */,
				0D8667711BA5AEC700C2C13A /* README.md in Sources */,
				0D9E32911BA6F372006A432D /* Timer.swift in Sources */,
				0D86676B1BA57AA200C2C13A /* StopWatch.swift in Sources */,
				0DA4DCA71BA458B4009F2118 /* AppDelegate.swift in Sources */,
			);
			runOnlyForDeploymentPostprocessing = 0;
		};
		0DA4DCB21BA458B4009F2118 /* Sources */ = {
			isa = PBXSourcesBuildPhase;
			buildActionMask = 2147483647;
			files = (
				0DA4DCBD1BA458B4009F2118 /* StopWatchTests.swift in Sources */,
			);
			runOnlyForDeploymentPostprocessing = 0;
		};
/* End PBXSourcesBuildPhase section */

/* Begin PBXTargetDependency section */
		0DA4DCB81BA458B4009F2118 /* PBXTargetDependency */ = {
			isa = PBXTargetDependency;
			target = 0DA4DCA01BA458B4009F2118 /* StopWatch */;
			targetProxy = 0DA4DCB71BA458B4009F2118 /* PBXContainerItemProxy */;
		};
/* End PBXTargetDependency section */

/* Begin PBXVariantGroup section */
		0DA4DCAA1BA458B4009F2118 /* Main.storyboard */ = {
			isa = PBXVariantGroup;
			children = (
				0DA4DCAB1BA458B4009F2118 /* Base */,
			);
			name = Main.storyboard;
			sourceTree = "<group>";
		};
		0DA4DCAF1BA458B4009F2118 /* LaunchScreen.xib */ = {
			isa = PBXVariantGroup;
			children = (
				0DA4DCB01BA458B4009F2118 /* Base */,
			);
			name = LaunchScreen.xib;
			sourceTree = "<group>";
		};
/* End PBXVariantGroup section */

/* Begin XCBuildConfiguration section */
		0DA4DCBE1BA458B4009F2118 /* Debug */ = {
			isa = XCBuildConfiguration;
			buildSettings = {
				ALWAYS_SEARCH_USER_PATHS = NO;
				CLANG_CXX_LANGUAGE_STANDARD = "gnu++0x";
				CLANG_CXX_LIBRARY = "libc++";
				CLANG_ENABLE_MODULES = YES;
				CLANG_ENABLE_OBJC_ARC = YES;
				CLANG_WARN_BOOL_CONVERSION = YES;
				CLANG_WARN_CONSTANT_CONVERSION = YES;
				CLANG_WARN_DIRECT_OBJC_ISA_USAGE = YES_ERROR;
				CLANG_WARN_EMPTY_BODY = YES;
				CLANG_WARN_ENUM_CONVERSION = YES;
				CLANG_WARN_INT_CONVERSION = YES;
				CLANG_WARN_OBJC_ROOT_CLASS = YES_ERROR;
				CLANG_WARN_UNREACHABLE_CODE = YES;
				CLANG_WARN__DUPLICATE_METHOD_MATCH = YES;
				"CODE_SIGN_IDENTITY[sdk=iphoneos*]" = "iPhone Developer";
				COPY_PHASE_STRIP = NO;
				DEBUG_INFORMATION_FORMAT = "dwarf-with-dsym";
				ENABLE_STRICT_OBJC_MSGSEND = YES;
				GCC_C_LANGUAGE_STANDARD = gnu99;
				GCC_DYNAMIC_NO_PIC = NO;
				GCC_NO_COMMON_BLOCKS = YES;
				GCC_OPTIMIZATION_LEVEL = 0;
				GCC_PREPROCESSOR_DEFINITIONS = (
					"DEBUG=1",
					"$(inherited)",
				);
				GCC_SYMBOLS_PRIVATE_EXTERN = NO;
				GCC_WARN_64_TO_32_BIT_CONVERSION = YES;
				GCC_WARN_ABOUT_RETURN_TYPE = YES_ERROR;
				GCC_WARN_UNDECLARED_SELECTOR = YES;
				GCC_WARN_UNINITIALIZED_AUTOS = YES_AGGRESSIVE;
				GCC_WARN_UNUSED_FUNCTION = YES;
				GCC_WARN_UNUSED_VARIABLE = YES;
				IPHONEOS_DEPLOYMENT_TARGET = 8.4;
				MTL_ENABLE_DEBUG_INFO = YES;
				ONLY_ACTIVE_ARCH = YES;
				SDKROOT = iphoneos;
				SWIFT_OPTIMIZATION_LEVEL = "-Onone";
			};
			name = Debug;
		};
		0DA4DCBF1BA458B4009F2118 /* Release */ = {
			isa = XCBuildConfiguration;
			buildSettings = {
				ALWAYS_SEARCH_USER_PATHS = NO;
				CLANG_CXX_LANGUAGE_STANDARD = "gnu++0x";
				CLANG_CXX_LIBRARY = "libc++";
				CLANG_ENABLE_MODULES = YES;
				CLANG_ENABLE_OBJC_ARC = YES;
				CLANG_WARN_BOOL_CONVERSION = YES;
				CLANG_WARN_CONSTANT_CONVERSION = YES;
				CLANG_WARN_DIRECT_OBJC_ISA_USAGE = YES_ERROR;
				CLANG_WARN_EMPTY_BODY = YES;
				CLANG_WARN_ENUM_CONVERSION = YES;
				CLANG_WARN_INT_CONVERSION = YES;
				CLANG_WARN_OBJC_ROOT_CLASS = YES_ERROR;
				CLANG_WARN_UNREACHABLE_CODE = YES;
				CLANG_WARN__DUPLICATE_METHOD_MATCH = YES;
				"CODE_SIGN_IDENTITY[sdk=iphoneos*]" = "iPhone Developer";
				COPY_PHASE_STRIP = NO;
				DEBUG_INFORMATION_FORMAT = "dwarf-with-dsym";
				ENABLE_NS_ASSERTIONS = NO;
				ENABLE_STRICT_OBJC_MSGSEND = YES;
				GCC_C_LANGUAGE_STANDARD = gnu99;
				GCC_NO_COMMON_BLOCKS = YES;
				GCC_WARN_64_TO_32_BIT_CONVERSION = YES;
				GCC_WARN_ABOUT_RETURN_TYPE = YES_ERROR;
				GCC_WARN_UNDECLARED_SELECTOR = YES;
				GCC_WARN_UNINITIALIZED_AUTOS = YES_AGGRESSIVE;
				GCC_WARN_UNUSED_FUNCTION = YES;
				GCC_WARN_UNUSED_VARIABLE = YES;
				IPHONEOS_DEPLOYMENT_TARGET = 8.4;
				MTL_ENABLE_DEBUG_INFO = NO;
				SDKROOT = iphoneos;
				VALIDATE_PRODUCT = YES;
			};
			name = Release;
		};
		0DA4DCC11BA458B4009F2118 /* Debug */ = {
			isa = XCBuildConfiguration;
			buildSettings = {
				ASSETCATALOG_COMPILER_APPICON_NAME = AppIcon;
				INFOPLIST_FILE = StopWatch/Info.plist;
				LD_RUNPATH_SEARCH_PATHS = "$(inherited) @executable_path/Frameworks";
				PRODUCT_NAME = "$(TARGET_NAME)";
			};
			name = Debug;
		};
		0DA4DCC21BA458B4009F2118 /* Release */ = {
			isa = XCBuildConfiguration;
			buildSettings = {
				ASSETCATALOG_COMPILER_APPICON_NAME = AppIcon;
				INFOPLIST_FILE = StopWatch/Info.plist;
				LD_RUNPATH_SEARCH_PATHS = "$(inherited) @executable_path/Frameworks";
				PRODUCT_NAME = "$(TARGET_NAME)";
			};
			name = Release;
		};
		0DA4DCC41BA458B4009F2118 /* Debug */ = {
			isa = XCBuildConfiguration;
			buildSettings = {
				BUNDLE_LOADER = "$(TEST_HOST)";
				FRAMEWORK_SEARCH_PATHS = (
					"$(SDKROOT)/Developer/Library/Frameworks",
					"$(inherited)",
				);
				GCC_PREPROCESSOR_DEFINITIONS = (
					"DEBUG=1",
					"$(inherited)",
				);
				INFOPLIST_FILE = StopWatchTests/Info.plist;
				LD_RUNPATH_SEARCH_PATHS = "$(inherited) @executable_path/Frameworks @loader_path/Frameworks";
				PRODUCT_NAME = "$(TARGET_NAME)";
				TEST_HOST = "$(BUILT_PRODUCTS_DIR)/StopWatch.app/StopWatch";
			};
			name = Debug;
		};
		0DA4DCC51BA458B4009F2118 /* Release */ = {
			isa = XCBuildConfiguration;
			buildSettings = {
				BUNDLE_LOADER = "$(TEST_HOST)";
				FRAMEWORK_SEARCH_PATHS = (
					"$(SDKROOT)/Developer/Library/Frameworks",
					"$(inherited)",
				);
				INFOPLIST_FILE = StopWatchTests/Info.plist;
				LD_RUNPATH_SEARCH_PATHS = "$(inherited) @executable_path/Frameworks @loader_path/Frameworks";
				PRODUCT_NAME = "$(TARGET_NAME)";
				TEST_HOST = "$(BUILT_PRODUCTS_DIR)/StopWatch.app/StopWatch";
			};
			name = Release;
		};
/* End XCBuildConfiguration section */

/* Begin XCConfigurationList section */
		0DA4DC9C1BA458B4009F2118 /* Build configuration list for PBXProject "StopWatch" */ = {
			isa = XCConfigurationList;
			buildConfigurations = (
				0DA4DCBE1BA458B4009F2118 /* Debug */,
				0DA4DCBF1BA458B4009F2118 /* Release */,
			);
			defaultConfigurationIsVisible = 0;
			defaultConfigurationName = Release;
		};
		0DA4DCC01BA458B4009F2118 /* Build configuration list for PBXNativeTarget "StopWatch" */ = {
			isa = XCConfigurationList;
			buildConfigurations = (
				0DA4DCC11BA458B4009F2118 /* Debug */,
				0DA4DCC21BA458B4009F2118 /* Release */,
			);
			defaultConfigurationIsVisible = 0;
			defaultConfigurationName = Release;
		};
		0DA4DCC31BA458B4009F2118 /* Build configuration list for PBXNativeTarget "StopWatchTests" */ = {
			isa = XCConfigurationList;
			buildConfigurations = (
				0DA4DCC41BA458B4009F2118 /* Debug */,
				0DA4DCC51BA458B4009F2118 /* Release */,
			);
			defaultConfigurationIsVisible = 0;
			defaultConfigurationName = Release;
		};
/* End XCConfigurationList section */
	};
	rootObject = 0DA4DC991BA458B4009F2118 /* Project object */;
}
